// !$*UTF8*$!
{
	archiveVersion = 1;
	classes = {
	};
	objectVersion = 46;
	objects = {

/* Begin PBXBuildFile section */
		96144171192AD349003B800D /* Foundation.framework in Frameworks */ = {isa = PBXBuildFile; fileRef = 96144170192AD349003B800D /* Foundation.framework */; };
		96144173192AD349003B800D /* CoreGraphics.framework in Frameworks */ = {isa = PBXBuildFile; fileRef = 96144172192AD349003B800D /* CoreGraphics.framework */; };
		96144175192AD349003B800D /* UIKit.framework in Frameworks */ = {isa = PBXBuildFile; fileRef = 96144174192AD349003B800D /* UIKit.framework */; };
		9614417B192AD349003B800D /* InfoPlist.strings in Resources */ = {isa = PBXBuildFile; fileRef = 96144179192AD349003B800D /* InfoPlist.strings */; };
		9614417D192AD349003B800D /* main.m in Sources */ = {isa = PBXBuildFile; fileRef = 9614417C192AD349003B800D /* main.m */; };
		96144181192AD349003B800D /* AppDelegate.m in Sources */ = {isa = PBXBuildFile; fileRef = 96144180192AD349003B800D /* AppDelegate.m */; };
		96144184192AD349003B800D /* Main.storyboard in Resources */ = {isa = PBXBuildFile; fileRef = 96144182192AD349003B800D /* Main.storyboard */; };
		9614418C192AD349003B800D /* Images.xcassets in Resources */ = {isa = PBXBuildFile; fileRef = 9614418B192AD349003B800D /* Images.xcassets */; };
		96144193192AD349003B800D /* XCTest.framework in Frameworks */ = {isa = PBXBuildFile; fileRef = 96144192192AD349003B800D /* XCTest.framework */; };
		96144194192AD349003B800D /* Foundation.framework in Frameworks */ = {isa = PBXBuildFile; fileRef = 96144170192AD349003B800D /* Foundation.framework */; };
		96144195192AD349003B800D /* UIKit.framework in Frameworks */ = {isa = PBXBuildFile; fileRef = 96144174192AD349003B800D /* UIKit.framework */; };
		9614419D192AD349003B800D /* InfoPlist.strings in Resources */ = {isa = PBXBuildFile; fileRef = 9614419B192AD349003B800D /* InfoPlist.strings */; };
		9614419F192AD349003B800D /* e_Stewards_Environmental_CalculatorTests.m in Sources */ = {isa = PBXBuildFile; fileRef = 9614419E192AD349003B800D /* e_Stewards_Environmental_CalculatorTests.m */; };
		961441B1192AD56B003B800D /* RecycledMaterialObject.m in Sources */ = {isa = PBXBuildFile; fileRef = 961441B0192AD56B003B800D /* RecycledMaterialObject.m */; };
/* End PBXBuildFile section */

/* Begin PBXContainerItemProxy section */
		96144196192AD349003B800D /* PBXContainerItemProxy */ = {
			isa = PBXContainerItemProxy;
			containerPortal = 96144165192AD349003B800D /* Project object */;
			proxyType = 1;
			remoteGlobalIDString = 9614416C192AD349003B800D;
			remoteInfo = "e-Stewards Environmental Calculator";
		};
/* End PBXContainerItemProxy section */

/* Begin PBXFileReference section */
		9614416D192AD349003B800D /* e-Stewards Environmental Calculator.app */ = {isa = PBXFileReference; explicitFileType = wrapper.application; includeInIndex = 0; path = "e-Stewards Environmental Calculator.app"; sourceTree = BUILT_PRODUCTS_DIR; };
		96144170192AD349003B800D /* Foundation.framework */ = {isa = PBXFileReference; lastKnownFileType = wrapper.framework; name = Foundation.framework; path = System/Library/Frameworks/Foundation.framework; sourceTree = SDKROOT; };
		96144172192AD349003B800D /* CoreGraphics.framework */ = {isa = PBXFileReference; lastKnownFileType = wrapper.framework; name = CoreGraphics.framework; path = System/Library/Frameworks/CoreGraphics.framework; sourceTree = SDKROOT; };
		96144174192AD349003B800D /* UIKit.framework */ = {isa = PBXFileReference; lastKnownFileType = wrapper.framework; name = UIKit.framework; path = System/Library/Frameworks/UIKit.framework; sourceTree = SDKROOT; };
		96144178192AD349003B800D /* e-Stewards Environmental Calculator-Info.plist */ = {isa = PBXFileReference; lastKnownFileType = text.plist.xml; path = "e-Stewards Environmental Calculator-Info.plist"; sourceTree = "<group>"; };
		9614417A192AD349003B800D /* en */ = {isa = PBXFileReference; lastKnownFileType = text.plist.strings; name = en; path = en.lproj/InfoPlist.strings; sourceTree = "<group>"; };
		9614417C192AD349003B800D /* main.m */ = {isa = PBXFileReference; lastKnownFileType = sourcecode.c.objc; path = main.m; sourceTree = "<group>"; };
		9614417E192AD349003B800D /* e-Stewards Environmental Calculator-Prefix.pch */ = {isa = PBXFileReference; lastKnownFileType = sourcecode.c.h; path = "e-Stewards Environmental Calculator-Prefix.pch"; sourceTree = "<group>"; };
		9614417F192AD349003B800D /* AppDelegate.h */ = {isa = PBXFileReference; lastKnownFileType = sourcecode.c.h; path = AppDelegate.h; sourceTree = "<group>"; };
		96144180192AD349003B800D /* AppDelegate.m */ = {isa = PBXFileReference; lastKnownFileType = sourcecode.c.objc; path = AppDelegate.m; sourceTree = "<group>"; };
		96144183192AD349003B800D /* Base */ = {isa = PBXFileReference; lastKnownFileType = file.storyboard; name = Base; path = Base.lproj/Main.storyboard; sourceTree = "<group>"; };
		9614418B192AD349003B800D /* Images.xcassets */ = {isa = PBXFileReference; lastKnownFileType = folder.assetcatalog; path = Images.xcassets; sourceTree = "<group>"; };
		96144191192AD349003B800D /* e-Stewards Environmental CalculatorTests.xctest */ = {isa = PBXFileReference; explicitFileType = wrapper.cfbundle; includeInIndex = 0; path = "e-Stewards Environmental CalculatorTests.xctest"; sourceTree = BUILT_PRODUCTS_DIR; };
		96144192192AD349003B800D /* XCTest.framework */ = {isa = PBXFileReference; lastKnownFileType = wrapper.framework; name = XCTest.framework; path = Library/Frameworks/XCTest.framework; sourceTree = DEVELOPER_DIR; };
		9614419A192AD349003B800D /* e-Stewards Environmental CalculatorTests-Info.plist */ = {isa = PBXFileReference; lastKnownFileType = text.plist.xml; path = "e-Stewards Environmental CalculatorTests-Info.plist"; sourceTree = "<group>"; };
		9614419C192AD349003B800D /* en */ = {isa = PBXFileReference; lastKnownFileType = text.plist.strings; name = en; path = en.lproj/InfoPlist.strings; sourceTree = "<group>"; };
		9614419E192AD349003B800D /* e_Stewards_Environmental_CalculatorTests.m */ = {isa = PBXFileReference; lastKnownFileType = sourcecode.c.objc; path = e_Stewards_Environmental_CalculatorTests.m; sourceTree = "<group>"; };
		961441AF192AD56B003B800D /* RecycledMaterialObject.h */ = {isa = PBXFileReference; fileEncoding = 4; lastKnownFileType = sourcecode.c.h; name = RecycledMaterialObject.h; path = Model/RecycledMaterialObject.h; sourceTree = "<group>"; };
		961441B0192AD56B003B800D /* RecycledMaterialObject.m */ = {isa = PBXFileReference; fileEncoding = 4; lastKnownFileType = sourcecode.c.objc; name = RecycledMaterialObject.m; path = Model/RecycledMaterialObject.m; sourceTree = "<group>"; };
/* End PBXFileReference section */

/* Begin PBXFrameworksBuildPhase section */
		9614416A192AD349003B800D /* Frameworks */ = {
			isa = PBXFrameworksBuildPhase;
			buildActionMask = 2147483647;
			files = (
				96144173192AD349003B800D /* CoreGraphics.framework in Frameworks */,
				96144175192AD349003B800D /* UIKit.framework in Frameworks */,
				96144171192AD349003B800D /* Foundation.framework in Frameworks */,
			);
			runOnlyForDeploymentPostprocessing = 0;
		};
		9614418E192AD349003B800D /* Frameworks */ = {
			isa = PBXFrameworksBuildPhase;
			buildActionMask = 2147483647;
			files = (
				96144193192AD349003B800D /* XCTest.framework in Frameworks */,
				96144195192AD349003B800D /* UIKit.framework in Frameworks */,
				96144194192AD349003B800D /* Foundation.framework in Frameworks */,
			);
			runOnlyForDeploymentPostprocessing = 0;
		};
/* End PBXFrameworksBuildPhase section */

/* Begin PBXGroup section */
		96144164192AD349003B800D = {
			isa = PBXGroup;
			children = (
				96144176192AD349003B800D /* e-Stewards Environmental Calculator */,
				96144198192AD349003B800D /* e-Stewards Environmental CalculatorTests */,
				9614416F192AD349003B800D /* Frameworks */,
				9614416E192AD349003B800D /* Products */,
			);
			sourceTree = "<group>";
		};
		9614416E192AD349003B800D /* Products */ = {
			isa = PBXGroup;
			children = (
				9614416D192AD349003B800D /* e-Stewards Environmental Calculator.app */,
				96144191192AD349003B800D /* e-Stewards Environmental CalculatorTests.xctest */,
			);
			name = Products;
			sourceTree = "<group>";
		};
		9614416F192AD349003B800D /* Frameworks */ = {
			isa = PBXGroup;
			children = (
				96144170192AD349003B800D /* Foundation.framework */,
				96144172192AD349003B800D /* CoreGraphics.framework */,
				96144174192AD349003B800D /* UIKit.framework */,
				96144192192AD349003B800D /* XCTest.framework */,
			);
			name = Frameworks;
			sourceTree = "<group>";
		};
		96144176192AD349003B800D /* e-Stewards Environmental Calculator */ = {
			isa = PBXGroup;
			children = (
				961441A8192AD36D003B800D /* Model */,
				961441A9192AD376003B800D /* ViewController */,
				961441AB192AD39F003B800D /* Storyboard */,
				9614417F192AD349003B800D /* AppDelegate.h */,
				96144180192AD349003B800D /* AppDelegate.m */,
				9614418B192AD349003B800D /* Images.xcassets */,
				96144177192AD349003B800D /* Supporting Files */,
			);
			path = "e-Stewards Environmental Calculator";
			sourceTree = "<group>";
		};
		96144177192AD349003B800D /* Supporting Files */ = {
			isa = PBXGroup;
			children = (
				96144178192AD349003B800D /* e-Stewards Environmental Calculator-Info.plist */,
				96144179192AD349003B800D /* InfoPlist.strings */,
				9614417C192AD349003B800D /* main.m */,
				9614417E192AD349003B800D /* e-Stewards Environmental Calculator-Prefix.pch */,
			);
			name = "Supporting Files";
			sourceTree = "<group>";
		};
		96144198192AD349003B800D /* e-Stewards Environmental CalculatorTests */ = {
			isa = PBXGroup;
			children = (
				9614419E192AD349003B800D /* e_Stewards_Environmental_CalculatorTests.m */,
				96144199192AD349003B800D /* Supporting Files */,
			);
			path = "e-Stewards Environmental CalculatorTests";
			sourceTree = "<group>";
		};
		96144199192AD349003B800D /* Supporting Files */ = {
			isa = PBXGroup;
			children = (
				9614419A192AD349003B800D /* e-Stewards Environmental CalculatorTests-Info.plist */,
				9614419B192AD349003B800D /* InfoPlist.strings */,
			);
			name = "Supporting Files";
			sourceTree = "<group>";
		};
		961441A8192AD36D003B800D /* Model */ = {
			isa = PBXGroup;
			children = (
				961441AF192AD56B003B800D /* RecycledMaterialObject.h */,
				961441B0192AD56B003B800D /* RecycledMaterialObject.m */,
			);
			name = Model;
			sourceTree = "<group>";
		};
		961441A9192AD376003B800D /* ViewController */ = {
			isa = PBXGroup;
			children = (
			);
			name = ViewController;
			sourceTree = "<group>";
		};
		961441AB192AD39F003B800D /* Storyboard */ = {
			isa = PBXGroup;
			children = (
				96144182192AD349003B800D /* Main.storyboard */,
			);
			name = Storyboard;
			sourceTree = "<group>";
		};
/* End PBXGroup section */

/* Begin PBXNativeTarget section */
		9614416C192AD349003B800D /* e-Stewards Environmental Calculator */ = {
			isa = PBXNativeTarget;
			buildConfigurationList = 961441A2192AD349003B800D /* Build configuration list for PBXNativeTarget "e-Stewards Environmental Calculator" */;
			buildPhases = (
				96144169192AD349003B800D /* Sources */,
				9614416A192AD349003B800D /* Frameworks */,
				9614416B192AD349003B800D /* Resources */,
			);
			buildRules = (
			);
			dependencies = (
			);
			name = "e-Stewards Environmental Calculator";
			productName = "e-Stewards Environmental Calculator";
			productReference = 9614416D192AD349003B800D /* e-Stewards Environmental Calculator.app */;
			productType = "com.apple.product-type.application";
		};
		96144190192AD349003B800D /* e-Stewards Environmental CalculatorTests */ = {
			isa = PBXNativeTarget;
			buildConfigurationList = 961441A5192AD349003B800D /* Build configuration list for PBXNativeTarget "e-Stewards Environmental CalculatorTests" */;
			buildPhases = (
				9614418D192AD349003B800D /* Sources */,
				9614418E192AD349003B800D /* Frameworks */,
				9614418F192AD349003B800D /* Resources */,
			);
			buildRules = (
			);
			dependencies = (
				96144197192AD349003B800D /* PBXTargetDependency */,
			);
			name = "e-Stewards Environmental CalculatorTests";
			productName = "e-Stewards Environmental CalculatorTests";
			productReference = 96144191192AD349003B800D /* e-Stewards Environmental CalculatorTests.xctest */;
			productType = "com.apple.product-type.bundle.unit-test";
		};
/* End PBXNativeTarget section */

/* Begin PBXProject section */
		96144165192AD349003B800D /* Project object */ = {
			isa = PBXProject;
			attributes = {
				LastUpgradeCheck = 0510;
				ORGANIZATIONNAME = "Basel Action Network";
				TargetAttributes = {
					96144190192AD349003B800D = {
						TestTargetID = 9614416C192AD349003B800D;
					};
				};
			};
			buildConfigurationList = 96144168192AD349003B800D /* Build configuration list for PBXProject "e-Stewards Environmental Calculator" */;
			compatibilityVersion = "Xcode 3.2";
			developmentRegion = English;
			hasScannedForEncodings = 0;
			knownRegions = (
				en,
				Base,
			);
			mainGroup = 96144164192AD349003B800D;
			productRefGroup = 9614416E192AD349003B800D /* Products */;
			projectDirPath = "";
			projectRoot = "";
			targets = (
				9614416C192AD349003B800D /* e-Stewards Environmental Calculator */,
				96144190192AD349003B800D /* e-Stewards Environmental CalculatorTests */,
			);
		};
/* End PBXProject section */

/* Begin PBXResourcesBuildPhase section */
		9614416B192AD349003B800D /* Resources */ = {
			isa = PBXResourcesBuildPhase;
			buildActionMask = 2147483647;
			files = (
				9614418C192AD349003B800D /* Images.xcassets in Resources */,
				9614417B192AD349003B800D /* InfoPlist.strings in Resources */,
				96144184192AD349003B800D /* Main.storyboard in Resources */,
			);
			runOnlyForDeploymentPostprocessing = 0;
		};
		9614418F192AD349003B800D /* Resources */ = {
			isa = PBXResourcesBuildPhase;
			buildActionMask = 2147483647;
			files = (
				9614419D192AD349003B800D /* InfoPlist.strings in Resources */,
			);
			runOnlyForDeploymentPostprocessing = 0;
		};
/* End PBXResourcesBuildPhase section */

/* Begin PBXSourcesBuildPhase section */
		96144169192AD349003B800D /* Sources */ = {
			isa = PBXSourcesBuildPhase;
			buildActionMask = 2147483647;
			files = (
				961441B1192AD56B003B800D /* RecycledMaterialObject.m in Sources */,
				96144181192AD349003B800D /* AppDelegate.m in Sources */,
				9614417D192AD349003B800D /* main.m in Sources */,
			);
			runOnlyForDeploymentPostprocessing = 0;
		};
		9614418D192AD349003B800D /* Sources */ = {
			isa = PBXSourcesBuildPhase;
			buildActionMask = 2147483647;
			files = (
				9614419F192AD349003B800D /* e_Stewards_Environmental_CalculatorTests.m in Sources */,
			);
			runOnlyForDeploymentPostprocessing = 0;
		};
/* End PBXSourcesBuildPhase section */

/* Begin PBXTargetDependency section */
		96144197192AD349003B800D /* PBXTargetDependency */ = {
			isa = PBXTargetDependency;
			target = 9614416C192AD349003B800D /* e-Stewards Environmental Calculator */;
			targetProxy = 96144196192AD349003B800D /* PBXContainerItemProxy */;
		};
/* End PBXTargetDependency section */

/* Begin PBXVariantGroup section */
		96144179192AD349003B800D /* InfoPlist.strings */ = {
			isa = PBXVariantGroup;
			children = (
				9614417A192AD349003B800D /* en */,
			);
			name = InfoPlist.strings;
			sourceTree = "<group>";
		};
		96144182192AD349003B800D /* Main.storyboard */ = {
			isa = PBXVariantGroup;
			children = (
				96144183192AD349003B800D /* Base */,
			);
			name = Main.storyboard;
			sourceTree = "<group>";
		};
		9614419B192AD349003B800D /* InfoPlist.strings */ = {
			isa = PBXVariantGroup;
			children = (
				9614419C192AD349003B800D /* en */,
			);
			name = InfoPlist.strings;
			sourceTree = "<group>";
		};
/* End PBXVariantGroup section */

/* Begin XCBuildConfiguration section */
		961441A0192AD349003B800D /* Debug */ = {
			isa = XCBuildConfiguration;
			buildSettings = {
				ALWAYS_SEARCH_USER_PATHS = NO;
				CLANG_CXX_LANGUAGE_STANDARD = "gnu++0x";
				CLANG_CXX_LIBRARY = "libc++";
				CLANG_ENABLE_MODULES = YES;
				CLANG_ENABLE_OBJC_ARC = YES;
				CLANG_WARN_BOOL_CONVERSION = YES;
				CLANG_WARN_CONSTANT_CONVERSION = YES;
				CLANG_WARN_DIRECT_OBJC_ISA_USAGE = YES_ERROR;
				CLANG_WARN_EMPTY_BODY = YES;
				CLANG_WARN_ENUM_CONVERSION = YES;
				CLANG_WARN_INT_CONVERSION = YES;
				CLANG_WARN_OBJC_ROOT_CLASS = YES_ERROR;
				CLANG_WARN__DUPLICATE_METHOD_MATCH = YES;
				"CODE_SIGN_IDENTITY[sdk=iphoneos*]" = "iPhone Developer";
				COPY_PHASE_STRIP = NO;
				GCC_C_LANGUAGE_STANDARD = gnu99;
				GCC_DYNAMIC_NO_PIC = NO;
				GCC_OPTIMIZATION_LEVEL = 0;
				GCC_PREPROCESSOR_DEFINITIONS = (
					"DEBUG=1",
					"$(inherited)",
				);
				GCC_SYMBOLS_PRIVATE_EXTERN = NO;
				GCC_WARN_64_TO_32_BIT_CONVERSION = YES;
				GCC_WARN_ABOUT_RETURN_TYPE = YES_ERROR;
				GCC_WARN_UNDECLARED_SELECTOR = YES;
				GCC_WARN_UNINITIALIZED_AUTOS = YES_AGGRESSIVE;
				GCC_WARN_UNUSED_FUNCTION = YES;
				GCC_WARN_UNUSED_VARIABLE = YES;
				IPHONEOS_DEPLOYMENT_TARGET = 7.1;
				ONLY_ACTIVE_ARCH = YES;
				SDKROOT = iphoneos;
			};
			name = Debug;
		};
		961441A1192AD349003B800D /* Release */ = {
			isa = XCBuildConfiguration;
			buildSettings = {
				ALWAYS_SEARCH_USER_PATHS = NO;
				CLANG_CXX_LANGUAGE_STANDARD = "gnu++0x";
				CLANG_CXX_LIBRARY = "libc++";
				CLANG_ENABLE_MODULES = YES;
				CLANG_ENABLE_OBJC_ARC = YES;
				CLANG_WARN_BOOL_CONVERSION = YES;
				CLANG_WARN_CONSTANT_CONVERSION = YES;
				CLANG_WARN_DIRECT_OBJC_ISA_USAGE = YES_ERROR;
				CLANG_WARN_EMPTY_BODY = YES;
				CLANG_WARN_ENUM_CONVERSION = YES;
				CLANG_WARN_INT_CONVERSION = YES;
				CLANG_WARN_OBJC_ROOT_CLASS = YES_ERROR;
				CLANG_WARN__DUPLICATE_METHOD_MATCH = YES;
				"CODE_SIGN_IDENTITY[sdk=iphoneos*]" = "iPhone Developer";
				COPY_PHASE_STRIP = YES;
				ENABLE_NS_ASSERTIONS = NO;
				GCC_C_LANGUAGE_STANDARD = gnu99;
				GCC_WARN_64_TO_32_BIT_CONVERSION = YES;
				GCC_WARN_ABOUT_RETURN_TYPE = YES_ERROR;
				GCC_WARN_UNDECLARED_SELECTOR = YES;
				GCC_WARN_UNINITIALIZED_AUTOS = YES_AGGRESSIVE;
				GCC_WARN_UNUSED_FUNCTION = YES;
				GCC_WARN_UNUSED_VARIABLE = YES;
				IPHONEOS_DEPLOYMENT_TARGET = 7.1;
				SDKROOT = iphoneos;
				VALIDATE_PRODUCT = YES;
			};
			name = Release;
		};
		961441A3192AD349003B800D /* Debug */ = {
			isa = XCBuildConfiguration;
			buildSettings = {
				ASSETCATALOG_COMPILER_APPICON_NAME = AppIcon;
				ASSETCATALOG_COMPILER_LAUNCHIMAGE_NAME = LaunchImage;
				GCC_PRECOMPILE_PREFIX_HEADER = YES;
				GCC_PREFIX_HEADER = "e-Stewards Environmental Calculator/e-Stewards Environmental Calculator-Prefix.pch";
				INFOPLIST_FILE = "e-Stewards Environmental Calculator/e-Stewards Environmental Calculator-Info.plist";
				PRODUCT_NAME = "$(TARGET_NAME)";
				WRAPPER_EXTENSION = app;
			};
			name = Debug;
		};
		961441A4192AD349003B800D /* Release */ = {
			isa = XCBuildConfiguration;
			buildSettings = {
				ASSETCATALOG_COMPILER_APPICON_NAME = AppIcon;
				ASSETCATALOG_COMPILER_LAUNCHIMAGE_NAME = LaunchImage;
				GCC_PRECOMPILE_PREFIX_HEADER = YES;
				GCC_PREFIX_HEADER = "e-Stewards Environmental Calculator/e-Stewards Environmental Calculator-Prefix.pch";
				INFOPLIST_FILE = "e-Stewards Environmental Calculator/e-Stewards Environmental Calculator-Info.plist";
				PRODUCT_NAME = "$(TARGET_NAME)";
				WRAPPER_EXTENSION = app;
			};
			name = Release;
		};
		961441A6192AD349003B800D /* Debug */ = {
			isa = XCBuildConfiguration;
			buildSettings = {
				BUNDLE_LOADER = "$(BUILT_PRODUCTS_DIR)/e-Stewards Environmental Calculator.app/e-Stewards Environmental Calculator";
				FRAMEWORK_SEARCH_PATHS = (
					"$(SDKROOT)/Developer/Library/Frameworks",
					"$(inherited)",
					"$(DEVELOPER_FRAMEWORKS_DIR)",
				);
				GCC_PRECOMPILE_PREFIX_HEADER = YES;
				GCC_PREFIX_HEADER = "e-Stewards Environmental Calculator/e-Stewards Environmental Calculator-Prefix.pch";
				GCC_PREPROCESSOR_DEFINITIONS = (
					"DEBUG=1",
					"$(inherited)",
				);
				INFOPLIST_FILE = "e-Stewards Environmental CalculatorTests/e-Stewards Environmental CalculatorTests-Info.plist";
				PRODUCT_NAME = "$(TARGET_NAME)";
				TEST_HOST = "$(BUNDLE_LOADER)";
				WRAPPER_EXTENSION = xctest;
			};
			name = Debug;
		};
		961441A7192AD349003B800D /* Release */ = {
			isa = XCBuildConfiguration;
			buildSettings = {
				BUNDLE_LOADER = "$(BUILT_PRODUCTS_DIR)/e-Stewards Environmental Calculator.app/e-Stewards Environmental Calculator";
				FRAMEWORK_SEARCH_PATHS = (
					"$(SDKROOT)/Developer/Library/Frameworks",
					"$(inherited)",
					"$(DEVELOPER_FRAMEWORKS_DIR)",
				);
				GCC_PRECOMPILE_PREFIX_HEADER = YES;
				GCC_PREFIX_HEADER = "e-Stewards Environmental Calculator/e-Stewards Environmental Calculator-Prefix.pch";
				INFOPLIST_FILE = "e-Stewards Environmental CalculatorTests/e-Stewards Environmental CalculatorTests-Info.plist";
				PRODUCT_NAME = "$(TARGET_NAME)";
				TEST_HOST = "$(BUNDLE_LOADER)";
				WRAPPER_EXTENSION = xctest;
			};
			name = Release;
		};
/* End XCBuildConfiguration section */

/* Begin XCConfigurationList section */
		96144168192AD349003B800D /* Build configuration list for PBXProject "e-Stewards Environmental Calculator" */ = {
			isa = XCConfigurationList;
			buildConfigurations = (
				961441A0192AD349003B800D /* Debug */,
				961441A1192AD349003B800D /* Release */,
			);
			defaultConfigurationIsVisible = 0;
			defaultConfigurationName = Release;
		};
		961441A2192AD349003B800D /* Build configuration list for PBXNativeTarget "e-Stewards Environmental Calculator" */ = {
			isa = XCConfigurationList;
			buildConfigurations = (
				961441A3192AD349003B800D /* Debug */,
				961441A4192AD349003B800D /* Release */,
			);
			defaultConfigurationIsVisible = 0;
		};
		961441A5192AD349003B800D /* Build configuration list for PBXNativeTarget "e-Stewards Environmental CalculatorTests" */ = {
			isa = XCConfigurationList;
			buildConfigurations = (
				961441A6192AD349003B800D /* Debug */,
				961441A7192AD349003B800D /* Release */,
			);
			defaultConfigurationIsVisible = 0;
		};
/* End XCConfigurationList section */
	};
	rootObject = 96144165192AD349003B800D /* Project object */;
}
